
Microsoft Visual Studio Solution File, Format Version 12.00
# Visual Studio 15
VisualStudioVersion = 15.0.27428.2015
MinimumVisualStudioVersion = 10.0.40219.1
Project("{FAE04EC0-301F-11D3-BF4B-00C04F79EFBC}") = "Client", "Client\Client.csproj", "{E3E64BAD-200E-49E7-A126-708965BBB1D0}"
EndProject
Project("{FAE04EC0-301F-11D3-BF4B-00C04F79EFBC}") = "Server", "Server\Server.csproj", "{0139EA5F-10C2-4FC5-9C16-D00ABFB8313C}"
EndProject
Project("{FAE04EC0-301F-11D3-BF4B-00C04F79EFBC}") = "Game", "Game\Game.csproj", "{5F040E2A-C85E-4A68-A58C-112B702F7ED2}"
EndProject
Project("{FAE04EC0-301F-11D3-BF4B-00C04F79EFBC}") = "TestClient", "TestClient\TestClient.csproj", "{E6F3FD04-1B41-4709-8A1E-BF099248660A}"
EndProject
Project("{FAE04EC0-301F-11D3-BF4B-00C04F79EFBC}") = "Protobufs", "Protobufs\Protobufs.csproj", "{B6B3B21D-3A2A-440C-8621-A5B79557248B}"
EndProject
Project("{FAE04EC0-301F-11D3-BF4B-00C04F79EFBC}") = "NetworkingTanks.Utils", "NetworkingTanks.Utils\NetworkingTanks.Utils.csproj", "{BE7A1651-FFA4-4472-954A-125F4827B64A}"
EndProject
Global
	GlobalSection(SolutionConfigurationPlatforms) = preSolution
		Debug|Any CPU = Debug|Any CPU
		Release|Any CPU = Release|Any CPU
	EndGlobalSection
	GlobalSection(ProjectConfigurationPlatforms) = postSolution
		{E3E64BAD-200E-49E7-A126-708965BBB1D0}.Debug|Any CPU.ActiveCfg = Debug|Any CPU
		{E3E64BAD-200E-49E7-A126-708965BBB1D0}.Debug|Any CPU.Build.0 = Debug|Any CPU
		{E3E64BAD-200E-49E7-A126-708965BBB1D0}.Release|Any CPU.ActiveCfg = Release|Any CPU
		{E3E64BAD-200E-49E7-A126-708965BBB1D0}.Release|Any CPU.Build.0 = Release|Any CPU
		{0139EA5F-10C2-4FC5-9C16-D00ABFB8313C}.Debug|Any CPU.ActiveCfg = Debug|Any CPU
		{0139EA5F-10C2-4FC5-9C16-D00ABFB8313C}.Debug|Any CPU.Build.0 = Debug|Any CPU
		{0139EA5F-10C2-4FC5-9C16-D00ABFB8313C}.Release|Any CPU.ActiveCfg = Release|Any CPU
		{0139EA5F-10C2-4FC5-9C16-D00ABFB8313C}.Release|Any CPU.Build.0 = Release|Any CPU
		{5F040E2A-C85E-4A68-A58C-112B702F7ED2}.Debug|Any CPU.ActiveCfg = Debug|Any CPU
		{5F040E2A-C85E-4A68-A58C-112B702F7ED2}.Debug|Any CPU.Build.0 = Debug|Any CPU
		{5F040E2A-C85E-4A68-A58C-112B702F7ED2}.Release|Any CPU.ActiveCfg = Release|Any CPU
		{5F040E2A-C85E-4A68-A58C-112B702F7ED2}.Release|Any CPU.Build.0 = Release|Any CPU
		{E6F3FD04-1B41-4709-8A1E-BF099248660A}.Debug|Any CPU.ActiveCfg = Debug|Any CPU
		{E6F3FD04-1B41-4709-8A1E-BF099248660A}.Debug|Any CPU.Build.0 = Debug|Any CPU
		{E6F3FD04-1B41-4709-8A1E-BF099248660A}.Release|Any CPU.ActiveCfg = Release|Any CPU
		{E6F3FD04-1B41-4709-8A1E-BF099248660A}.Release|Any CPU.Build.0 = Release|Any CPU
		{B6B3B21D-3A2A-440C-8621-A5B79557248B}.Debug|Any CPU.ActiveCfg = Debug|Any CPU
		{B6B3B21D-3A2A-440C-8621-A5B79557248B}.Debug|Any CPU.Build.0 = Debug|Any CPU
		{B6B3B21D-3A2A-440C-8621-A5B79557248B}.Release|Any CPU.ActiveCfg = Release|Any CPU
		{B6B3B21D-3A2A-440C-8621-A5B79557248B}.Release|Any CPU.Build.0 = Release|Any CPU
		{BE7A1651-FFA4-4472-954A-125F4827B64A}.Debug|Any CPU.ActiveCfg = Debug|Any CPU
		{BE7A1651-FFA4-4472-954A-125F4827B64A}.Debug|Any CPU.Build.0 = Debug|Any CPU
		{BE7A1651-FFA4-4472-954A-125F4827B64A}.Release|Any CPU.ActiveCfg = Release|Any CPU
		{BE7A1651-FFA4-4472-954A-125F4827B64A}.Release|Any CPU.Build.0 = Release|Any CPU
	EndGlobalSection
	GlobalSection(SolutionProperties) = preSolution
		HideSolutionNode = FALSE
	EndGlobalSection
	GlobalSection(ExtensibilityGlobals) = postSolution
		SolutionGuid = {07451301-F7A3-4BD4-9BCA-992F1A9D356A}
	EndGlobalSection
EndGlobal
